Microsoft Visual Studio Solution File, Format Version 12.00
# Visual Studio Version 17
VisualStudioVersion = 17.14.36109.1
MinimumVisualStudioVersion = 10.0.40219.1
Project("{FAE04EC0-301F-11D3-BF4B-00C04F79EFBC}") = "PitHero", "PitHero\PitHero.csproj", "{3CB9E917-FEF7-453F-A88D-6B85B552B058}"
EndProject
Project("{FAE04EC0-301F-11D3-BF4B-00C04F79EFBC}") = "Nez.MG38", "Nez\Nez.Portable\Nez.MG38.csproj", "{4B1106E6-BDAF-B1E1-D8BF-A7616A81CCAE}"
EndProject
Global
	GlobalSection(SolutionConfigurationPlatforms) = preSolution
		Debug|Any CPU = Debug|Any CPU
		Release|Any CPU = Release|Any CPU
	EndGlobalSection
	GlobalSection(ProjectConfigurationPlatforms) = postSolution
		{3CB9E917-FEF7-453F-A88D-6B85B552B058}.Debug|Any CPU.ActiveCfg = Debug|Any CPU
		{3CB9E917-FEF7-453F-A88D-6B85B552B058}.Debug|Any CPU.Build.0 = Debug|Any CPU
		{3CB9E917-FEF7-453F-A88D-6B85B552B058}.Release|Any CPU.ActiveCfg = Release|Any CPU
		{3CB9E917-FEF7-453F-A88D-6B85B552B058}.Release|Any CPU.Build.0 = Release|Any CPU
		{4B1106E6-BDAF-B1E1-D8BF-A7616A81CCAE}.Debug|Any CPU.ActiveCfg = Debug|Any CPU
		{4B1106E6-BDAF-B1E1-D8BF-A7616A81CCAE}.Debug|Any CPU.Build.0 = Debug|Any CPU
		{4B1106E6-BDAF-B1E1-D8BF-A7616A81CCAE}.Release|Any CPU.ActiveCfg = Release|Any CPU
		{4B1106E6-BDAF-B1E1-D8BF-A7616A81CCAE}.Release|Any CPU.Build.0 = Release|Any CPU
	EndGlobalSection
	GlobalSection(SolutionProperties) = preSolution
		HideSolutionNode = FALSE
	EndGlobalSection
	GlobalSection(ExtensibilityGlobals) = postSolution
		SolutionGuid = {09C55A5E-952C-40BC-AA76-8BBD343F414C}
	EndGlobalSection
EndGlobal
